// !$*UTF8*$!
{
	archiveVersion = 1;
	classes = {
	};
	objectVersion = 56;
	objects = {

/* Begin PBXBuildFile section */
		719C9AAC2C50D35100898304 /* daweibaApp.swift in Sources */ = {isa = PBXBuildFile; fileRef = 719C9AAB2C50D35100898304 /* daweibaApp.swift */; };
		719C9AAE2C50D35100898304 /* ContentView.swift in Sources */ = {isa = PBXBuildFile; fileRef = 719C9AAD2C50D35100898304 /* ContentView.swift */; };
		719C9AB02C50D35100898304 /* Item.swift in Sources */ = {isa = PBXBuildFile; fileRef = 719C9AAF2C50D35100898304 /* Item.swift */; };
		719C9AB22C50D35500898304 /* Assets.xcassets in Resources */ = {isa = PBXBuildFile; fileRef = 719C9AB12C50D35500898304 /* Assets.xcassets */; };
		719C9AB62C50D35500898304 /* Preview Assets.xcassets in Resources */ = {isa = PBXBuildFile; fileRef = 719C9AB52C50D35500898304 /* Preview Assets.xcassets */; };
		719C9AC02C50D35600898304 /* daweibaTests.swift in Sources */ = {isa = PBXBuildFile; fileRef = 719C9ABF2C50D35600898304 /* daweibaTests.swift */; };
		719C9ACA2C50D35600898304 /* daweibaUITests.swift in Sources */ = {isa = PBXBuildFile; fileRef = 719C9AC92C50D35600898304 /* daweibaUITests.swift */; };
		719C9ACC2C50D35600898304 /* daweibaUITestsLaunchTests.swift in Sources */ = {isa = PBXBuildFile; fileRef = 719C9ACB2C50D35600898304 /* daweibaUITestsLaunchTests.swift */; };
/* End PBXBuildFile section */

/* Begin PBXContainerItemProxy section */
		719C9ABC2C50D35600898304 /* PBXContainerItemProxy */ = {
			isa = PBXContainerItemProxy;
			containerPortal = 719C9AA02C50D35100898304 /* Project object */;
			proxyType = 1;
			remoteGlobalIDString = 719C9AA72C50D35100898304;
			remoteInfo = daweiba;
		};
		719C9AC62C50D35600898304 /* PBXContainerItemProxy */ = {
			isa = PBXContainerItemProxy;
			containerPortal = 719C9AA02C50D35100898304 /* Project object */;
			proxyType = 1;
			remoteGlobalIDString = 719C9AA72C50D35100898304;
			remoteInfo = daweiba;
		};
/* End PBXContainerItemProxy section */

/* Begin PBXFileReference section */
		719C9AA82C50D35100898304 /* daweiba.app */ = {isa = PBXFileReference; explicitFileType = wrapper.application; includeInIndex = 0; path = daweiba.app; sourceTree = BUILT_PRODUCTS_DIR; };
		719C9AAB2C50D35100898304 /* daweibaApp.swift */ = {isa = PBXFileReference; lastKnownFileType = sourcecode.swift; path = daweibaApp.swift; sourceTree = "<group>"; };
		719C9AAD2C50D35100898304 /* ContentView.swift */ = {isa = PBXFileReference; lastKnownFileType = sourcecode.swift; path = ContentView.swift; sourceTree = "<group>"; };
		719C9AAF2C50D35100898304 /* Item.swift */ = {isa = PBXFileReference; lastKnownFileType = sourcecode.swift; path = Item.swift; sourceTree = "<group>"; };
		719C9AB12C50D35500898304 /* Assets.xcassets */ = {isa = PBXFileReference; lastKnownFileType = folder.assetcatalog; path = Assets.xcassets; sourceTree = "<group>"; };
		719C9AB32C50D35500898304 /* daweiba.entitlements */ = {isa = PBXFileReference; lastKnownFileType = text.plist.entitlements; path = daweiba.entitlements; sourceTree = "<group>"; };
		719C9AB52C50D35500898304 /* Preview Assets.xcassets */ = {isa = PBXFileReference; lastKnownFileType = folder.assetcatalog; path = "Preview Assets.xcassets"; sourceTree = "<group>"; };
		719C9ABB2C50D35600898304 /* daweibaTests.xctest */ = {isa = PBXFileReference; explicitFileType = wrapper.cfbundle; includeInIndex = 0; path = daweibaTests.xctest; sourceTree = BUILT_PRODUCTS_DIR; };
		719C9ABF2C50D35600898304 /* daweibaTests.swift */ = {isa = PBXFileReference; lastKnownFileType = sourcecode.swift; path = daweibaTests.swift; sourceTree = "<group>"; };
		719C9AC52C50D35600898304 /* daweibaUITests.xctest */ = {isa = PBXFileReference; explicitFileType = wrapper.cfbundle; includeInIndex = 0; path = daweibaUITests.xctest; sourceTree = BUILT_PRODUCTS_DIR; };
		719C9AC92C50D35600898304 /* daweibaUITests.swift */ = {isa = PBXFileReference; lastKnownFileType = sourcecode.swift; path = daweibaUITests.swift; sourceTree = "<group>"; };
		719C9ACB2C50D35600898304 /* daweibaUITestsLaunchTests.swift */ = {isa = PBXFileReference; lastKnownFileType = sourcecode.swift; path = daweibaUITestsLaunchTests.swift; sourceTree = "<group>"; };
/* End PBXFileReference section */

/* Begin PBXFrameworksBuildPhase section */
		719C9AA52C50D35100898304 /* Frameworks */ = {
			isa = PBXFrameworksBuildPhase;
			buildActionMask = 2147483647;
			files = (
			);
			runOnlyForDeploymentPostprocessing = 0;
		};
		719C9AB82C50D35600898304 /* Frameworks */ = {
			isa = PBXFrameworksBuildPhase;
			buildActionMask = 2147483647;
			files = (
			);
			runOnlyForDeploymentPostprocessing = 0;
		};
		719C9AC22C50D35600898304 /* Frameworks */ = {
			isa = PBXFrameworksBuildPhase;
			buildActionMask = 2147483647;
			files = (
			);
			runOnlyForDeploymentPostprocessing = 0;
		};
/* End PBXFrameworksBuildPhase section */

/* Begin PBXGroup section */
		719C9A9F2C50D35100898304 = {
			isa = PBXGroup;
			children = (
				719C9AAA2C50D35100898304 /* daweiba */,
				719C9ABE2C50D35600898304 /* daweibaTests */,
				719C9AC82C50D35600898304 /* daweibaUITests */,
				719C9AA92C50D35100898304 /* Products */,
			);
			sourceTree = "<group>";
		};
		719C9AA92C50D35100898304 /* Products */ = {
			isa = PBXGroup;
			children = (
				719C9AA82C50D35100898304 /* daweiba.app */,
				719C9ABB2C50D35600898304 /* daweibaTests.xctest */,
				719C9AC52C50D35600898304 /* daweibaUITests.xctest */,
			);
			name = Products;
			sourceTree = "<group>";
		};
		719C9AAA2C50D35100898304 /* daweiba */ = {
			isa = PBXGroup;
			children = (
				719C9AAB2C50D35100898304 /* daweibaApp.swift */,
				719C9AAD2C50D35100898304 /* ContentView.swift */,
				719C9AAF2C50D35100898304 /* Item.swift */,
				719C9AB12C50D35500898304 /* Assets.xcassets */,
				719C9AB32C50D35500898304 /* daweiba.entitlements */,
				719C9AB42C50D35500898304 /* Preview Content */,
			);
			path = daweiba;
			sourceTree = "<group>";
		};
		719C9AB42C50D35500898304 /* Preview Content */ = {
			isa = PBXGroup;
			children = (
				719C9AB52C50D35500898304 /* Preview Assets.xcassets */,
			);
			path = "Preview Content";
			sourceTree = "<group>";
		};
		719C9ABE2C50D35600898304 /* daweibaTests */ = {
			isa = PBXGroup;
			children = (
				719C9ABF2C50D35600898304 /* daweibaTests.swift */,
			);
			path = daweibaTests;
			sourceTree = "<group>";
		};
		719C9AC82C50D35600898304 /* daweibaUITests */ = {
			isa = PBXGroup;
			children = (
				719C9AC92C50D35600898304 /* daweibaUITests.swift */,
				719C9ACB2C50D35600898304 /* daweibaUITestsLaunchTests.swift */,
			);
			path = daweibaUITests;
			sourceTree = "<group>";
		};
/* End PBXGroup section */

/* Begin PBXNativeTarget section */
		719C9AA72C50D35100898304 /* daweiba */ = {
			isa = PBXNativeTarget;
			buildConfigurationList = 719C9ACF2C50D35600898304 /* Build configuration list for PBXNativeTarget "daweiba" */;
			buildPhases = (
				719C9AA42C50D35100898304 /* Sources */,
				719C9AA52C50D35100898304 /* Frameworks */,
				719C9AA62C50D35100898304 /* Resources */,
			);
			buildRules = (
			);
			dependencies = (
			);
			name = daweiba;
			productName = daweiba;
			productReference = 719C9AA82C50D35100898304 /* daweiba.app */;
			productType = "com.apple.product-type.application";
		};
		719C9ABA2C50D35600898304 /* daweibaTests */ = {
			isa = PBXNativeTarget;
			buildConfigurationList = 719C9AD22C50D35600898304 /* Build configuration list for PBXNativeTarget "daweibaTests" */;
			buildPhases = (
				719C9AB72C50D35600898304 /* Sources */,
				719C9AB82C50D35600898304 /* Frameworks */,
				719C9AB92C50D35600898304 /* Resources */,
			);
			buildRules = (
			);
			dependencies = (
				719C9ABD2C50D35600898304 /* PBXTargetDependency */,
			);
			name = daweibaTests;
			productName = daweibaTests;
			productReference = 719C9ABB2C50D35600898304 /* daweibaTests.xctest */;
			productType = "com.apple.product-type.bundle.unit-test";
		};
		719C9AC42C50D35600898304 /* daweibaUITests */ = {
			isa = PBXNativeTarget;
			buildConfigurationList = 719C9AD52C50D35600898304 /* Build configuration list for PBXNativeTarget "daweibaUITests" */;
			buildPhases = (
				719C9AC12C50D35600898304 /* Sources */,
				719C9AC22C50D35600898304 /* Frameworks */,
				719C9AC32C50D35600898304 /* Resources */,
			);
			buildRules = (
			);
			dependencies = (
				719C9AC72C50D35600898304 /* PBXTargetDependency */,
			);
			name = daweibaUITests;
			productName = daweibaUITests;
			productReference = 719C9AC52C50D35600898304 /* daweibaUITests.xctest */;
			productType = "com.apple.product-type.bundle.ui-testing";
		};
/* End PBXNativeTarget section */

/* Begin PBXProject section */
		719C9AA02C50D35100898304 /* Project object */ = {
			isa = PBXProject;
			attributes = {
				BuildIndependentTargetsInParallel = 1;
				LastSwiftUpdateCheck = 1540;
				LastUpgradeCheck = 1540;
				TargetAttributes = {
					719C9AA72C50D35100898304 = {
						CreatedOnToolsVersion = 15.4;
					};
					719C9ABA2C50D35600898304 = {
						CreatedOnToolsVersion = 15.4;
						TestTargetID = 719C9AA72C50D35100898304;
					};
					719C9AC42C50D35600898304 = {
						CreatedOnToolsVersion = 15.4;
						TestTargetID = 719C9AA72C50D35100898304;
					};
				};
			};
			buildConfigurationList = 719C9AA32C50D35100898304 /* Build configuration list for PBXProject "daweiba" */;
			compatibilityVersion = "Xcode 14.0";
			developmentRegion = en;
			hasScannedForEncodings = 0;
			knownRegions = (
				en,
				Base,
			);
			mainGroup = 719C9A9F2C50D35100898304;
			productRefGroup = 719C9AA92C50D35100898304 /* Products */;
			projectDirPath = "";
			projectRoot = "";
			targets = (
				719C9AA72C50D35100898304 /* daweiba */,
				719C9ABA2C50D35600898304 /* daweibaTests */,
				719C9AC42C50D35600898304 /* daweibaUITests */,
			);
		};
/* End PBXProject section */

/* Begin PBXResourcesBuildPhase section */
		719C9AA62C50D35100898304 /* Resources */ = {
			isa = PBXResourcesBuildPhase;
			buildActionMask = 2147483647;
			files = (
				719C9AB62C50D35500898304 /* Preview Assets.xcassets in Resources */,
				719C9AB22C50D35500898304 /* Assets.xcassets in Resources */,
			);
			runOnlyForDeploymentPostprocessing = 0;
		};
		719C9AB92C50D35600898304 /* Resources */ = {
			isa = PBXResourcesBuildPhase;
			buildActionMask = 2147483647;
			files = (
			);
			runOnlyForDeploymentPostprocessing = 0;
		};
		719C9AC32C50D35600898304 /* Resources */ = {
			isa = PBXResourcesBuildPhase;
			buildActionMask = 2147483647;
			files = (
			);
			runOnlyForDeploymentPostprocessing = 0;
		};
/* End PBXResourcesBuildPhase section */

/* Begin PBXSourcesBuildPhase section */
		719C9AA42C50D35100898304 /* Sources */ = {
			isa = PBXSourcesBuildPhase;
			buildActionMask = 2147483647;
			files = (
				719C9AAE2C50D35100898304 /* ContentView.swift in Sources */,
				719C9AB02C50D35100898304 /* Item.swift in Sources */,
				719C9AAC2C50D35100898304 /* daweibaApp.swift in Sources */,
			);
			runOnlyForDeploymentPostprocessing = 0;
		};
		719C9AB72C50D35600898304 /* Sources */ = {
			isa = PBXSourcesBuildPhase;
			buildActionMask = 2147483647;
			files = (
				719C9AC02C50D35600898304 /* daweibaTests.swift in Sources */,
			);
			runOnlyForDeploymentPostprocessing = 0;
		};
		719C9AC12C50D35600898304 /* Sources */ = {
			isa = PBXSourcesBuildPhase;
			buildActionMask = 2147483647;
			files = (
				719C9ACC2C50D35600898304 /* daweibaUITestsLaunchTests.swift in Sources */,
				719C9ACA2C50D35600898304 /* daweibaUITests.swift in Sources */,
			);
			runOnlyForDeploymentPostprocessing = 0;
		};
/* End PBXSourcesBuildPhase section */

/* Begin PBXTargetDependency section */
		719C9ABD2C50D35600898304 /* PBXTargetDependency */ = {
			isa = PBXTargetDependency;
			target = 719C9AA72C50D35100898304 /* daweiba */;
			targetProxy = 719C9ABC2C50D35600898304 /* PBXContainerItemProxy */;
		};
		719C9AC72C50D35600898304 /* PBXTargetDependency */ = {
			isa = PBXTargetDependency;
			target = 719C9AA72C50D35100898304 /* daweiba */;
			targetProxy = 719C9AC62C50D35600898304 /* PBXContainerItemProxy */;
		};
/* End PBXTargetDependency section */

/* Begin XCBuildConfiguration section */
		719C9ACD2C50D35600898304 /* Debug */ = {
			isa = XCBuildConfiguration;
			buildSettings = {
				ALWAYS_SEARCH_USER_PATHS = NO;
				ASSETCATALOG_COMPILER_GENERATE_SWIFT_ASSET_SYMBOL_EXTENSIONS = YES;
				CLANG_ANALYZER_NONNULL = YES;
				CLANG_ANALYZER_NUMBER_OBJECT_CONVERSION = YES_AGGRESSIVE;
				CLANG_CXX_LANGUAGE_STANDARD = "gnu++20";
				CLANG_ENABLE_MODULES = YES;
				CLANG_ENABLE_OBJC_ARC = YES;
				CLANG_ENABLE_OBJC_WEAK = YES;
				CLANG_WARN_BLOCK_CAPTURE_AUTORELEASING = YES;
				CLANG_WARN_BOOL_CONVERSION = YES;
				CLANG_WARN_COMMA = YES;
				CLANG_WARN_CONSTANT_CONVERSION = YES;
				CLANG_WARN_DEPRECATED_OBJC_IMPLEMENTATIONS = YES;
				CLANG_WARN_DIRECT_OBJC_ISA_USAGE = YES_ERROR;
				CLANG_WARN_DOCUMENTATION_COMMENTS = YES;
				CLANG_WARN_EMPTY_BODY = YES;
				CLANG_WARN_ENUM_CONVERSION = YES;
				CLANG_WARN_INFINITE_RECURSION = YES;
				CLANG_WARN_INT_CONVERSION = YES;
				CLANG_WARN_NON_LITERAL_NULL_CONVERSION = YES;
				CLANG_WARN_OBJC_IMPLICIT_RETAIN_SELF = YES;
				CLANG_WARN_OBJC_LITERAL_CONVERSION = YES;
				CLANG_WARN_OBJC_ROOT_CLASS = YES_ERROR;
				CLANG_WARN_QUOTED_INCLUDE_IN_FRAMEWORK_HEADER = YES;
				CLANG_WARN_RANGE_LOOP_ANALYSIS = YES;
				CLANG_WARN_STRICT_PROTOTYPES = YES;
				CLANG_WARN_SUSPICIOUS_MOVE = YES;
				CLANG_WARN_UNGUARDED_AVAILABILITY = YES_AGGRESSIVE;
				CLANG_WARN_UNREACHABLE_CODE = YES;
				CLANG_WARN__DUPLICATE_METHOD_MATCH = YES;
				COPY_PHASE_STRIP = NO;
				DEBUG_INFORMATION_FORMAT = dwarf;
				ENABLE_STRICT_OBJC_MSGSEND = YES;
				ENABLE_TESTABILITY = YES;
				ENABLE_USER_SCRIPT_SANDBOXING = YES;
				GCC_C_LANGUAGE_STANDARD = gnu17;
				GCC_DYNAMIC_NO_PIC = NO;
				GCC_NO_COMMON_BLOCKS = YES;
				GCC_OPTIMIZATION_LEVEL = 0;
				GCC_PREPROCESSOR_DEFINITIONS = (
					"DEBUG=1",
					"$(inherited)",
				);
				GCC_WARN_64_TO_32_BIT_CONVERSION = YES;
				GCC_WARN_ABOUT_RETURN_TYPE = YES_ERROR;
				GCC_WARN_UNDECLARED_SELECTOR = YES;
				GCC_WARN_UNINITIALIZED_AUTOS = YES_AGGRESSIVE;
				GCC_WARN_UNUSED_FUNCTION = YES;
				GCC_WARN_UNUSED_VARIABLE = YES;
				LOCALIZATION_PREFERS_STRING_CATALOGS = YES;
				MTL_ENABLE_DEBUG_INFO = INCLUDE_SOURCE;
				MTL_FAST_MATH = YES;
				ONLY_ACTIVE_ARCH = YES;
				SWIFT_ACTIVE_COMPILATION_CONDITIONS = "DEBUG $(inherited)";
				SWIFT_OPTIMIZATION_LEVEL = "-Onone";
			};
			name = Debug;
		};
		719C9ACE2C50D35600898304 /* Release */ = {
			isa = XCBuildConfiguration;
			buildSettings = {
				ALWAYS_SEARCH_USER_PATHS = NO;
				ASSETCATALOG_COMPILER_GENERATE_SWIFT_ASSET_SYMBOL_EXTENSIONS = YES;
				CLANG_ANALYZER_NONNULL = YES;
				CLANG_ANALYZER_NUMBER_OBJECT_CONVERSION = YES_AGGRESSIVE;
				CLANG_CXX_LANGUAGE_STANDARD = "gnu++20";
				CLANG_ENABLE_MODULES = YES;
				CLANG_ENABLE_OBJC_ARC = YES;
				CLANG_ENABLE_OBJC_WEAK = YES;
				CLANG_WARN_BLOCK_CAPTURE_AUTORELEASING = YES;
				CLANG_WARN_BOOL_CONVERSION = YES;
				CLANG_WARN_COMMA = YES;
				CLANG_WARN_CONSTANT_CONVERSION = YES;
				CLANG_WARN_DEPRECATED_OBJC_IMPLEMENTATIONS = YES;
				CLANG_WARN_DIRECT_OBJC_ISA_USAGE = YES_ERROR;
				CLANG_WARN_DOCUMENTATION_COMMENTS = YES;
				CLANG_WARN_EMPTY_BODY = YES;
				CLANG_WARN_ENUM_CONVERSION = YES;
				CLANG_WARN_INFINITE_RECURSION = YES;
				CLANG_WARN_INT_CONVERSION = YES;
				CLANG_WARN_NON_LITERAL_NULL_CONVERSION = YES;
				CLANG_WARN_OBJC_IMPLICIT_RETAIN_SELF = YES;
				CLANG_WARN_OBJC_LITERAL_CONVERSION = YES;
				CLANG_WARN_OBJC_ROOT_CLASS = YES_ERROR;
				CLANG_WARN_QUOTED_INCLUDE_IN_FRAMEWORK_HEADER = YES;
				CLANG_WARN_RANGE_LOOP_ANALYSIS = YES;
				CLANG_WARN_STRICT_PROTOTYPES = YES;
				CLANG_WARN_SUSPICIOUS_MOVE = YES;
				CLANG_WARN_UNGUARDED_AVAILABILITY = YES_AGGRESSIVE;
				CLANG_WARN_UNREACHABLE_CODE = YES;
				CLANG_WARN__DUPLICATE_METHOD_MATCH = YES;
				COPY_PHASE_STRIP = NO;
				DEBUG_INFORMATION_FORMAT = "dwarf-with-dsym";
				ENABLE_NS_ASSERTIONS = NO;
				ENABLE_STRICT_OBJC_MSGSEND = YES;
				ENABLE_USER_SCRIPT_SANDBOXING = YES;
				GCC_C_LANGUAGE_STANDARD = gnu17;
				GCC_NO_COMMON_BLOCKS = YES;
				GCC_WARN_64_TO_32_BIT_CONVERSION = YES;
				GCC_WARN_ABOUT_RETURN_TYPE = YES_ERROR;
				GCC_WARN_UNDECLARED_SELECTOR = YES;
				GCC_WARN_UNINITIALIZED_AUTOS = YES_AGGRESSIVE;
				GCC_WARN_UNUSED_FUNCTION = YES;
				GCC_WARN_UNUSED_VARIABLE = YES;
				LOCALIZATION_PREFERS_STRING_CATALOGS = YES;
				MTL_ENABLE_DEBUG_INFO = NO;
				MTL_FAST_MATH = YES;
				SWIFT_COMPILATION_MODE = wholemodule;
			};
			name = Release;
		};
		719C9AD02C50D35600898304 /* Debug */ = {
			isa = XCBuildConfiguration;
			buildSettings = {
				ASSETCATALOG_COMPILER_APPICON_NAME = AppIcon;
				ASSETCATALOG_COMPILER_GLOBAL_ACCENT_COLOR_NAME = AccentColor;
				CODE_SIGN_ENTITLEMENTS = daweiba/daweiba.entitlements;
				CODE_SIGN_STYLE = Automatic;
				CURRENT_PROJECT_VERSION = 1;
				DEVELOPMENT_ASSET_PATHS = "\"daweiba/Preview Content\"";
				DEVELOPMENT_TEAM = 5U6K46DT83;
				ENABLE_HARDENED_RUNTIME = YES;
				ENABLE_PREVIEWS = YES;
				GENERATE_INFOPLIST_FILE = YES;
				"INFOPLIST_KEY_UIApplicationSceneManifest_Generation[sdk=iphoneos*]" = YES;
				"INFOPLIST_KEY_UIApplicationSceneManifest_Generation[sdk=iphonesimulator*]" = YES;
				"INFOPLIST_KEY_UIApplicationSupportsIndirectInputEvents[sdk=iphoneos*]" = YES;
				"INFOPLIST_KEY_UIApplicationSupportsIndirectInputEvents[sdk=iphonesimulator*]" = YES;
				"INFOPLIST_KEY_UILaunchScreen_Generation[sdk=iphoneos*]" = YES;
				"INFOPLIST_KEY_UILaunchScreen_Generation[sdk=iphonesimulator*]" = YES;
				"INFOPLIST_KEY_UIStatusBarStyle[sdk=iphoneos*]" = UIStatusBarStyleDefault;
				"INFOPLIST_KEY_UIStatusBarStyle[sdk=iphonesimulator*]" = UIStatusBarStyleDefault;
				INFOPLIST_KEY_UISupportedInterfaceOrientations_iPad = "UIInterfaceOrientationPortrait UIInterfaceOrientationPortraitUpsideDown UIInterfaceOrientationLandscapeLeft UIInterfaceOrientationLandscapeRight";
				INFOPLIST_KEY_UISupportedInterfaceOrientations_iPhone = "UIInterfaceOrientationPortrait UIInterfaceOrientationLandscapeLeft UIInterfaceOrientationLandscapeRight";
				IPHONEOS_DEPLOYMENT_TARGET = 17.5;
				LD_RUNPATH_SEARCH_PATHS = "@executable_path/Frameworks";
				"LD_RUNPATH_SEARCH_PATHS[sdk=macosx*]" = "@executable_path/../Frameworks";
				MACOSX_DEPLOYMENT_TARGET = 14.0;
				MARKETING_VERSION = 1.0;
				PRODUCT_BUNDLE_IDENTIFIER = com.stevenp.proj.daweiba;
				PRODUCT_NAME = "$(TARGET_NAME)";
				SDKROOT = auto;
				SUPPORTED_PLATFORMS = "iphoneos iphonesimulator macosx";
				SWIFT_EMIT_LOC_STRINGS = YES;
				SWIFT_VERSION = 5.0;
				TARGETED_DEVICE_FAMILY = "1,2";
			};
			name = Debug;
		};
		719C9AD12C50D35600898304 /* Release */ = {
			isa = XCBuildConfiguration;
			buildSettings = {
				ASSETCATALOG_COMPILER_APPICON_NAME = AppIcon;
				ASSETCATALOG_COMPILER_GLOBAL_ACCENT_COLOR_NAME = AccentColor;
				CODE_SIGN_ENTITLEMENTS = daweiba/daweiba.entitlements;
				CODE_SIGN_STYLE = Automatic;
				CURRENT_PROJECT_VERSION = 1;
				DEVELOPMENT_ASSET_PATHS = "\"daweiba/Preview Content\"";
				DEVELOPMENT_TEAM = 5U6K46DT83;
				ENABLE_HARDENED_RUNTIME = YES;
				ENABLE_PREVIEWS = YES;
				GENERATE_INFOPLIST_FILE = YES;
				"INFOPLIST_KEY_UIApplicationSceneManifest_Generation[sdk=iphoneos*]" = YES;
				"INFOPLIST_KEY_UIApplicationSceneManifest_Generation[sdk=iphonesimulator*]" = YES;
				"INFOPLIST_KEY_UIApplicationSupportsIndirectInputEvents[sdk=iphoneos*]" = YES;
				"INFOPLIST_KEY_UIApplicationSupportsIndirectInputEvents[sdk=iphonesimulator*]" = YES;
				"INFOPLIST_KEY_UILaunchScreen_Generation[sdk=iphoneos*]" = YES;
				"INFOPLIST_KEY_UILaunchScreen_Generation[sdk=iphonesimulator*]" = YES;
				"INFOPLIST_KEY_UIStatusBarStyle[sdk=iphoneos*]" = UIStatusBarStyleDefault;
				"INFOPLIST_KEY_UIStatusBarStyle[sdk=iphonesimulator*]" = UIStatusBarStyleDefault;
				INFOPLIST_KEY_UISupportedInterfaceOrientations_iPad = "UIInterfaceOrientationPortrait UIInterfaceOrientationPortraitUpsideDown UIInterfaceOrientationLandscapeLeft UIInterfaceOrientationLandscapeRight";
				INFOPLIST_KEY_UISupportedInterfaceOrientations_iPhone = "UIInterfaceOrientationPortrait UIInterfaceOrientationLandscapeLeft UIInterfaceOrientationLandscapeRight";
				IPHONEOS_DEPLOYMENT_TARGET = 17.5;
				LD_RUNPATH_SEARCH_PATHS = "@executable_path/Frameworks";
				"LD_RUNPATH_SEARCH_PATHS[sdk=macosx*]" = "@executable_path/../Frameworks";
				MACOSX_DEPLOYMENT_TARGET = 14.0;
				MARKETING_VERSION = 1.0;
				PRODUCT_BUNDLE_IDENTIFIER = com.stevenp.proj.daweiba;
				PRODUCT_NAME = "$(TARGET_NAME)";
				SDKROOT = auto;
				SUPPORTED_PLATFORMS = "iphoneos iphonesimulator macosx";
				SWIFT_EMIT_LOC_STRINGS = YES;
				SWIFT_VERSION = 5.0;
				TARGETED_DEVICE_FAMILY = "1,2";
			};
			name = Release;
		};
		719C9AD32C50D35600898304 /* Debug */ = {
			isa = XCBuildConfiguration;
			buildSettings = {
				ALWAYS_EMBED_SWIFT_STANDARD_LIBRARIES = YES;
				BUNDLE_LOADER = "$(TEST_HOST)";
				CODE_SIGN_STYLE = Automatic;
				CURRENT_PROJECT_VERSION = 1;
				DEVELOPMENT_TEAM = 5U6K46DT83;
				GENERATE_INFOPLIST_FILE = YES;
				IPHONEOS_DEPLOYMENT_TARGET = 17.5;
				MACOSX_DEPLOYMENT_TARGET = 14.4;
				MARKETING_VERSION = 1.0;
				PRODUCT_BUNDLE_IDENTIFIER = com.stevenp.proj.daweibaTests;
				PRODUCT_NAME = "$(TARGET_NAME)";
				SDKROOT = auto;
				SUPPORTED_PLATFORMS = "iphoneos iphonesimulator macosx";
				SWIFT_EMIT_LOC_STRINGS = NO;
				SWIFT_VERSION = 5.0;
				TARGETED_DEVICE_FAMILY = "1,2";
				TEST_HOST = "$(BUILT_PRODUCTS_DIR)/daweiba.app/$(BUNDLE_EXECUTABLE_FOLDER_PATH)/daweiba";
			};
			name = Debug;
		};
		719C9AD42C50D35600898304 /* Release */ = {
			isa = XCBuildConfiguration;
			buildSettings = {
				ALWAYS_EMBED_SWIFT_STANDARD_LIBRARIES = YES;
				BUNDLE_LOADER = "$(TEST_HOST)";
				CODE_SIGN_STYLE = Automatic;
				CURRENT_PROJECT_VERSION = 1;
				DEVELOPMENT_TEAM = 5U6K46DT83;
				GENERATE_INFOPLIST_FILE = YES;
				IPHONEOS_DEPLOYMENT_TARGET = 17.5;
				MACOSX_DEPLOYMENT_TARGET = 14.4;
				MARKETING_VERSION = 1.0;
				PRODUCT_BUNDLE_IDENTIFIER = com.stevenp.proj.daweibaTests;
				PRODUCT_NAME = "$(TARGET_NAME)";
				SDKROOT = auto;
				SUPPORTED_PLATFORMS = "iphoneos iphonesimulator macosx";
				SWIFT_EMIT_LOC_STRINGS = NO;
				SWIFT_VERSION = 5.0;
				TARGETED_DEVICE_FAMILY = "1,2";
				TEST_HOST = "$(BUILT_PRODUCTS_DIR)/daweiba.app/$(BUNDLE_EXECUTABLE_FOLDER_PATH)/daweiba";
			};
			name = Release;
		};
		719C9AD62C50D35600898304 /* Debug */ = {
			isa = XCBuildConfiguration;
			buildSettings = {
				ALWAYS_EMBED_SWIFT_STANDARD_LIBRARIES = YES;
				CODE_SIGN_STYLE = Automatic;
				CURRENT_PROJECT_VERSION = 1;
				DEVELOPMENT_TEAM = 5U6K46DT83;
				GENERATE_INFOPLIST_FILE = YES;
				IPHONEOS_DEPLOYMENT_TARGET = 17.5;
				MACOSX_DEPLOYMENT_TARGET = 14.4;
				MARKETING_VERSION = 1.0;
				PRODUCT_BUNDLE_IDENTIFIER = com.stevenp.proj.daweibaUITests;
				PRODUCT_NAME = "$(TARGET_NAME)";
				SDKROOT = auto;
				SUPPORTED_PLATFORMS = "iphoneos iphonesimulator macosx";
				SWIFT_EMIT_LOC_STRINGS = NO;
				SWIFT_VERSION = 5.0;
				TARGETED_DEVICE_FAMILY = "1,2";
				TEST_TARGET_NAME = daweiba;
			};
			name = Debug;
		};
		719C9AD72C50D35600898304 /* Release */ = {
			isa = XCBuildConfiguration;
			buildSettings = {
				ALWAYS_EMBED_SWIFT_STANDARD_LIBRARIES = YES;
				CODE_SIGN_STYLE = Automatic;
				CURRENT_PROJECT_VERSION = 1;
				DEVELOPMENT_TEAM = 5U6K46DT83;
				GENERATE_INFOPLIST_FILE = YES;
				IPHONEOS_DEPLOYMENT_TARGET = 17.5;
				MACOSX_DEPLOYMENT_TARGET = 14.4;
				MARKETING_VERSION = 1.0;
				PRODUCT_BUNDLE_IDENTIFIER = com.stevenp.proj.daweibaUITests;
				PRODUCT_NAME = "$(TARGET_NAME)";
				SDKROOT = auto;
				SUPPORTED_PLATFORMS = "iphoneos iphonesimulator macosx";
				SWIFT_EMIT_LOC_STRINGS = NO;
				SWIFT_VERSION = 5.0;
				TARGETED_DEVICE_FAMILY = "1,2";
				TEST_TARGET_NAME = daweiba;
			};
			name = Release;
		};
/* End XCBuildConfiguration section */

/* Begin XCConfigurationList section */
		719C9AA32C50D35100898304 /* Build configuration list for PBXProject "daweiba" */ = {
			isa = XCConfigurationList;
			buildConfigurations = (
				719C9ACD2C50D35600898304 /* Debug */,
				719C9ACE2C50D35600898304 /* Release */,
			);
			defaultConfigurationIsVisible = 0;
			defaultConfigurationName = Release;
		};
		719C9ACF2C50D35600898304 /* Build configuration list for PBXNativeTarget "daweiba" */ = {
			isa = XCConfigurationList;
			buildConfigurations = (
				719C9AD02C50D35600898304 /* Debug */,
				719C9AD12C50D35600898304 /* Release */,
			);
			defaultConfigurationIsVisible = 0;
			defaultConfigurationName = Release;
		};
		719C9AD22C50D35600898304 /* Build configuration list for PBXNativeTarget "daweibaTests" */ = {
			isa = XCConfigurationList;
			buildConfigurations = (
				719C9AD32C50D35600898304 /* Debug */,
				719C9AD42C50D35600898304 /* Release */,
			);
			defaultConfigurationIsVisible = 0;
			defaultConfigurationName = Release;
		};
		719C9AD52C50D35600898304 /* Build configuration list for PBXNativeTarget "daweibaUITests" */ = {
			isa = XCConfigurationList;
			buildConfigurations = (
				719C9AD62C50D35600898304 /* Debug */,
				719C9AD72C50D35600898304 /* Release */,
			);
			defaultConfigurationIsVisible = 0;
			defaultConfigurationName = Release;
		};
/* End XCConfigurationList section */
	};
	rootObject = 719C9AA02C50D35100898304 /* Project object */;
}
